{
  "nodes": {
    "nixpkgs": {
      "locked": {
        "lastModified": 1738142207,
        "narHash": "sha256-NGqpVVxNAHwIicXpgaVqJEJWeyqzoQJ9oc8lnK9+WC4=",
        "owner": "NixOS",
        "repo": "nixpkgs",
        "rev": "9d3ae807ebd2981d593cddd0080856873139aa40",
        "type": "github"
      },
      "original": {
        "owner": "NixOS",
        "ref": "nixos-unstable",
        "repo": "nixpkgs",
        "type": "github"
      }
    },
    "root": {
      "inputs": {
        "nixpkgs": "nixpkgs",
        "sdl": "sdl"
      }
    },
    "sdl": {
      "flake": false,
      "locked": {
        "lastModified": 1730496291,
        "narHash": "sha256-6KfvZjs4UkaakEng3KAKly2gCqrOhS7skxJQjKAM6HQ=",
        "type": "tarball",
        "url": "https://github.com/libsdl-org/SDL/archive/release-2.30.9.zip"
      },
      "original": {
        "type": "tarball",
        "url": "https://github.com/libsdl-org/SDL/archive/release-2.30.9.zip"
      }
    }
  },
  "root": "root",
  "version": 7
}
