{
  "nodes": {
    "nixpkgs": {
      "locked": {
        "lastModified": 1737469691,
        "narHash": "sha256-nmKOgAU48S41dTPIXAq0AHZSehWUn6ZPrUKijHAMmIk=",
        "owner": "NixOS",
        "repo": "nixpkgs",
        "rev": "9e4d5190a9482a1fb9d18adf0bdb83c6e506eaab",
        "type": "github"
      },
      "original": {
        "owner": "NixOS",
        "ref": "nixos-unstable",
        "repo": "nixpkgs",
        "type": "github"
      }
    },
    "root": {
      "inputs": {
        "nixpkgs": "nixpkgs",
        "sdl": "sdl"
      }
    },
    "sdl": {
      "flake": false,
      "locked": {
        "lastModified": 1730496291,
        "narHash": "sha256-6KfvZjs4UkaakEng3KAKly2gCqrOhS7skxJQjKAM6HQ=",
        "type": "tarball",
        "url": "https://github.com/libsdl-org/SDL/archive/release-2.30.9.zip"
      },
      "original": {
        "type": "tarball",
        "url": "https://github.com/libsdl-org/SDL/archive/release-2.30.9.zip"
      }
    }
  },
  "root": "root",
  "version": 7
}
